
Microsoft Visual Studio Solution File, Format Version 12.00
# Visual Studio Version 17
VisualStudioVersion = 17.8.34408.163
MinimumVisualStudioVersion = 10.0.40219.1
Project("{FAE04EC0-301F-11D3-BF4B-00C04F79EFBC}") = "ParalleleProgrammingEval", "ParalleleProgrammingEval\ParalleleProgrammingEval.csproj", "{EE103BE2-819D-4352-9012-91CC3D27D808}"
EndProject
Global
	GlobalSection(SolutionConfigurationPlatforms) = preSolution
		Debug|Any CPU = Debug|Any CPU
		Release|Any CPU = Release|Any CPU
	EndGlobalSection
	GlobalSection(ProjectConfigurationPlatforms) = postSolution
		{EE103BE2-819D-4352-9012-91CC3D27D808}.Debug|Any CPU.ActiveCfg = Debug|Any CPU
		{EE103BE2-819D-4352-9012-91CC3D27D808}.Debug|Any CPU.Build.0 = Debug|Any CPU
		{EE103BE2-819D-4352-9012-91CC3D27D808}.Release|Any CPU.ActiveCfg = Release|Any CPU
		{EE103BE2-819D-4352-9012-91CC3D27D808}.Release|Any CPU.Build.0 = Release|Any CPU
	EndGlobalSection
	GlobalSection(SolutionProperties) = preSolution
		HideSolutionNode = FALSE
	EndGlobalSection
	GlobalSection(ExtensibilityGlobals) = postSolution
		SolutionGuid = {D362F2E4-4534-4990-A5A1-ACFB6AE5FC00}
	EndGlobalSection
EndGlobal
